
Microsoft Visual Studio Solution File, Format Version 12.00
# Visual Studio Version 16
VisualStudioVersion = 16.0.32106.194
MinimumVisualStudioVersion = 10.0.40219.1
Project("{FAE04EC0-301F-11D3-BF4B-00C04F79EFBC}") = "JSONListView.UWP", "JSONListView\JSONListView.UWP\JSONListView.UWP.csproj", "{83D8620D-0873-45BA-A398-C8A4F7521DAE}"
EndProject
Project("{FAE04EC0-301F-11D3-BF4B-00C04F79EFBC}") = "JSONListView.Android", "JSONListView\JSONListView.Android\JSONListView.Android.csproj", "{A626113A-F8C0-4386-A7D9-532CC76973ED}"
EndProject
Project("{FAE04EC0-301F-11D3-BF4B-00C04F79EFBC}") = "JSONListView.iOS", "JSONListView\JSONListView.iOS\JSONListView.iOS.csproj", "{A6AF86A4-93FB-4054-A5AE-55D365AF4557}"
EndProject
Project("{FAE04EC0-301F-11D3-BF4B-00C04F79EFBC}") = "JSONListView", "JSONListView\JSONListView\JSONListView.csproj", "{B89E9868-D5F4-4078-A1AE-F8C240AF730A}"
EndProject
Global
	GlobalSection(SolutionConfigurationPlatforms) = preSolution
		Debug|Any CPU = Debug|Any CPU
		Debug|ARM = Debug|ARM
		Debug|iPhone = Debug|iPhone
		Debug|iPhoneSimulator = Debug|iPhoneSimulator
		Debug|x64 = Debug|x64
		Debug|x86 = Debug|x86
		Release|Any CPU = Release|Any CPU
		Release|ARM = Release|ARM
		Release|iPhone = Release|iPhone
		Release|iPhoneSimulator = Release|iPhoneSimulator
		Release|x64 = Release|x64
		Release|x86 = Release|x86
	EndGlobalSection
	GlobalSection(ProjectConfigurationPlatforms) = postSolution
		{83D8620D-0873-45BA-A398-C8A4F7521DAE}.Debug|Any CPU.ActiveCfg = Debug|x86
		{83D8620D-0873-45BA-A398-C8A4F7521DAE}.Debug|Any CPU.Build.0 = Debug|x86
		{83D8620D-0873-45BA-A398-C8A4F7521DAE}.Debug|Any CPU.Deploy.0 = Debug|x86
		{83D8620D-0873-45BA-A398-C8A4F7521DAE}.Debug|ARM.ActiveCfg = Debug|ARM
		{83D8620D-0873-45BA-A398-C8A4F7521DAE}.Debug|ARM.Build.0 = Debug|ARM
		{83D8620D-0873-45BA-A398-C8A4F7521DAE}.Debug|ARM.Deploy.0 = Debug|ARM
		{83D8620D-0873-45BA-A398-C8A4F7521DAE}.Debug|iPhone.ActiveCfg = Debug|x86
		{83D8620D-0873-45BA-A398-C8A4F7521DAE}.Debug|iPhone.Build.0 = Debug|x86
		{83D8620D-0873-45BA-A398-C8A4F7521DAE}.Debug|iPhone.Deploy.0 = Debug|x86
		{83D8620D-0873-45BA-A398-C8A4F7521DAE}.Debug|iPhoneSimulator.ActiveCfg = Debug|x86
		{83D8620D-0873-45BA-A398-C8A4F7521DAE}.Debug|iPhoneSimulator.Build.0 = Debug|x86
		{83D8620D-0873-45BA-A398-C8A4F7521DAE}.Debug|iPhoneSimulator.Deploy.0 = Debug|x86
		{83D8620D-0873-45BA-A398-C8A4F7521DAE}.Debug|x64.ActiveCfg = Debug|x64
		{83D8620D-0873-45BA-A398-C8A4F7521DAE}.Debug|x64.Build.0 = Debug|x64
		{83D8620D-0873-45BA-A398-C8A4F7521DAE}.Debug|x64.Deploy.0 = Debug|x64
		{83D8620D-0873-45BA-A398-C8A4F7521DAE}.Debug|x86.ActiveCfg = Debug|x86
		{83D8620D-0873-45BA-A398-C8A4F7521DAE}.Debug|x86.Build.0 = Debug|x86
		{83D8620D-0873-45BA-A398-C8A4F7521DAE}.Debug|x86.Deploy.0 = Debug|x86
		{83D8620D-0873-45BA-A398-C8A4F7521DAE}.Release|Any CPU.ActiveCfg = Release|x86
		{83D8620D-0873-45BA-A398-C8A4F7521DAE}.Release|Any CPU.Build.0 = Release|x86
		{83D8620D-0873-45BA-A398-C8A4F7521DAE}.Release|Any CPU.Deploy.0 = Release|x86
		{83D8620D-0873-45BA-A398-C8A4F7521DAE}.Release|ARM.ActiveCfg = Release|ARM
		{83D8620D-0873-45BA-A398-C8A4F7521DAE}.Release|ARM.Build.0 = Release|ARM
		{83D8620D-0873-45BA-A398-C8A4F7521DAE}.Release|ARM.Deploy.0 = Release|ARM
		{83D8620D-0873-45BA-A398-C8A4F7521DAE}.Release|iPhone.ActiveCfg = Release|x86
		{83D8620D-0873-45BA-A398-C8A4F7521DAE}.Release|iPhone.Build.0 = Release|x86
		{83D8620D-0873-45BA-A398-C8A4F7521DAE}.Release|iPhone.Deploy.0 = Release|x86
		{83D8620D-0873-45BA-A398-C8A4F7521DAE}.Release|iPhoneSimulator.ActiveCfg = Release|x86
		{83D8620D-0873-45BA-A398-C8A4F7521DAE}.Release|iPhoneSimulator.Build.0 = Release|x86
		{83D8620D-0873-45BA-A398-C8A4F7521DAE}.Release|iPhoneSimulator.Deploy.0 = Release|x86
		{83D8620D-0873-45BA-A398-C8A4F7521DAE}.Release|x64.ActiveCfg = Release|x64
		{83D8620D-0873-45BA-A398-C8A4F7521DAE}.Release|x64.Build.0 = Release|x64
		{83D8620D-0873-45BA-A398-C8A4F7521DAE}.Release|x64.Deploy.0 = Release|x64
		{83D8620D-0873-45BA-A398-C8A4F7521DAE}.Release|x86.ActiveCfg = Release|x86
		{83D8620D-0873-45BA-A398-C8A4F7521DAE}.Release|x86.Build.0 = Release|x86
		{83D8620D-0873-45BA-A398-C8A4F7521DAE}.Release|x86.Deploy.0 = Release|x86
		{A626113A-F8C0-4386-A7D9-532CC76973ED}.Debug|Any CPU.ActiveCfg = Debug|Any CPU
		{A626113A-F8C0-4386-A7D9-532CC76973ED}.Debug|Any CPU.Build.0 = Debug|Any CPU
		{A626113A-F8C0-4386-A7D9-532CC76973ED}.Debug|Any CPU.Deploy.0 = Debug|Any CPU
		{A626113A-F8C0-4386-A7D9-532CC76973ED}.Debug|ARM.ActiveCfg = Debug|Any CPU
		{A626113A-F8C0-4386-A7D9-532CC76973ED}.Debug|ARM.Build.0 = Debug|Any CPU
		{A626113A-F8C0-4386-A7D9-532CC76973ED}.Debug|ARM.Deploy.0 = Debug|Any CPU
		{A626113A-F8C0-4386-A7D9-532CC76973ED}.Debug|iPhone.ActiveCfg = Debug|Any CPU
		{A626113A-F8C0-4386-A7D9-532CC76973ED}.Debug|iPhone.Build.0 = Debug|Any CPU
		{A626113A-F8C0-4386-A7D9-532CC76973ED}.Debug|iPhone.Deploy.0 = Debug|Any CPU
		{A626113A-F8C0-4386-A7D9-532CC76973ED}.Debug|iPhoneSimulator.ActiveCfg = Debug|Any CPU
		{A626113A-F8C0-4386-A7D9-532CC76973ED}.Debug|iPhoneSimulator.Build.0 = Debug|Any CPU
		{A626113A-F8C0-4386-A7D9-532CC76973ED}.Debug|iPhoneSimulator.Deploy.0 = Debug|Any CPU
		{A626113A-F8C0-4386-A7D9-532CC76973ED}.Debug|x64.ActiveCfg = Debug|Any CPU
		{A626113A-F8C0-4386-A7D9-532CC76973ED}.Debug|x64.Build.0 = Debug|Any CPU
		{A626113A-F8C0-4386-A7D9-532CC76973ED}.Debug|x64.Deploy.0 = Debug|Any CPU
		{A626113A-F8C0-4386-A7D9-532CC76973ED}.Debug|x86.ActiveCfg = Debug|Any CPU
		{A626113A-F8C0-4386-A7D9-532CC76973ED}.Debug|x86.Build.0 = Debug|Any CPU
		{A626113A-F8C0-4386-A7D9-532CC76973ED}.Debug|x86.Deploy.0 = Debug|Any CPU
		{A626113A-F8C0-4386-A7D9-532CC76973ED}.Release|Any CPU.ActiveCfg = Release|Any CPU
		{A626113A-F8C0-4386-A7D9-532CC76973ED}.Release|Any CPU.Build.0 = Release|Any CPU
		{A626113A-F8C0-4386-A7D9-532CC76973ED}.Release|Any CPU.Deploy.0 = Release|Any CPU
		{A626113A-F8C0-4386-A7D9-532CC76973ED}.Release|ARM.ActiveCfg = Release|Any CPU
		{A626113A-F8C0-4386-A7D9-532CC76973ED}.Release|ARM.Build.0 = Release|Any CPU
		{A626113A-F8C0-4386-A7D9-532CC76973ED}.Release|ARM.Deploy.0 = Release|Any CPU
		{A626113A-F8C0-4386-A7D9-532CC76973ED}.Release|iPhone.ActiveCfg = Release|Any CPU
		{A626113A-F8C0-4386-A7D9-532CC76973ED}.Release|iPhone.Build.0 = Release|Any CPU
		{A626113A-F8C0-4386-A7D9-532CC76973ED}.Release|iPhone.Deploy.0 = Release|Any CPU
		{A626113A-F8C0-4386-A7D9-532CC76973ED}.Release|iPhoneSimulator.ActiveCfg = Release|Any CPU
		{A626113A-F8C0-4386-A7D9-532CC76973ED}.Release|iPhoneSimulator.Build.0 = Release|Any CPU
		{A626113A-F8C0-4386-A7D9-532CC76973ED}.Release|iPhoneSimulator.Deploy.0 = Release|Any CPU
		{A626113A-F8C0-4386-A7D9-532CC76973ED}.Release|x64.ActiveCfg = Release|Any CPU
		{A626113A-F8C0-4386-A7D9-532CC76973ED}.Release|x64.Build.0 = Release|Any CPU
		{A626113A-F8C0-4386-A7D9-532CC76973ED}.Release|x64.Deploy.0 = Release|Any CPU
		{A626113A-F8C0-4386-A7D9-532CC76973ED}.Release|x86.ActiveCfg = Release|Any CPU
		{A626113A-F8C0-4386-A7D9-532CC76973ED}.Release|x86.Build.0 = Release|Any CPU
		{A626113A-F8C0-4386-A7D9-532CC76973ED}.Release|x86.Deploy.0 = Release|Any CPU
		{A6AF86A4-93FB-4054-A5AE-55D365AF4557}.Debug|Any CPU.ActiveCfg = Debug|iPhoneSimulator
		{A6AF86A4-93FB-4054-A5AE-55D365AF4557}.Debug|Any CPU.Build.0 = Debug|iPhoneSimulator
		{A6AF86A4-93FB-4054-A5AE-55D365AF4557}.Debug|Any CPU.Deploy.0 = Debug|iPhoneSimulator
		{A6AF86A4-93FB-4054-A5AE-55D365AF4557}.Debug|ARM.ActiveCfg = Debug|iPhone
		{A6AF86A4-93FB-4054-A5AE-55D365AF4557}.Debug|ARM.Build.0 = Debug|iPhone
		{A6AF86A4-93FB-4054-A5AE-55D365AF4557}.Debug|ARM.Deploy.0 = Debug|iPhone
		{A6AF86A4-93FB-4054-A5AE-55D365AF4557}.Debug|iPhone.ActiveCfg = Debug|iPhone
		{A6AF86A4-93FB-4054-A5AE-55D365AF4557}.Debug|iPhone.Build.0 = Debug|iPhone
		{A6AF86A4-93FB-4054-A5AE-55D365AF4557}.Debug|iPhone.Deploy.0 = Debug|iPhone
		{A6AF86A4-93FB-4054-A5AE-55D365AF4557}.Debug|iPhoneSimulator.ActiveCfg = Debug|iPhoneSimulator
		{A6AF86A4-93FB-4054-A5AE-55D365AF4557}.Debug|iPhoneSimulator.Build.0 = Debug|iPhoneSimulator
		{A6AF86A4-93FB-4054-A5AE-55D365AF4557}.Debug|iPhoneSimulator.Deploy.0 = Debug|iPhoneSimulator
		{A6AF86A4-93FB-4054-A5AE-55D365AF4557}.Debug|x64.ActiveCfg = Debug|iPhoneSimulator
		{A6AF86A4-93FB-4054-A5AE-55D365AF4557}.Debug|x64.Build.0 = Debug|iPhoneSimulator
		{A6AF86A4-93FB-4054-A5AE-55D365AF4557}.Debug|x64.Deploy.0 = Debug|iPhoneSimulator
		{A6AF86A4-93FB-4054-A5AE-55D365AF4557}.Debug|x86.ActiveCfg = Debug|iPhoneSimulator
		{A6AF86A4-93FB-4054-A5AE-55D365AF4557}.Debug|x86.Build.0 = Debug|iPhoneSimulator
		{A6AF86A4-93FB-4054-A5AE-55D365AF4557}.Debug|x86.Deploy.0 = Debug|iPhoneSimulator
		{A6AF86A4-93FB-4054-A5AE-55D365AF4557}.Release|Any CPU.ActiveCfg = Release|iPhoneSimulator
		{A6AF86A4-93FB-4054-A5AE-55D365AF4557}.Release|Any CPU.Build.0 = Release|iPhoneSimulator
		{A6AF86A4-93FB-4054-A5AE-55D365AF4557}.Release|Any CPU.Deploy.0 = Release|iPhoneSimulator
		{A6AF86A4-93FB-4054-A5AE-55D365AF4557}.Release|ARM.ActiveCfg = Release|iPhoneSimulator
		{A6AF86A4-93FB-4054-A5AE-55D365AF4557}.Release|ARM.Build.0 = Release|iPhoneSimulator
		{A6AF86A4-93FB-4054-A5AE-55D365AF4557}.Release|ARM.Deploy.0 = Release|iPhoneSimulator
		{A6AF86A4-93FB-4054-A5AE-55D365AF4557}.Release|iPhone.ActiveCfg = Release|iPhone
		{A6AF86A4-93FB-4054-A5AE-55D365AF4557}.Release|iPhone.Build.0 = Release|iPhone
		{A6AF86A4-93FB-4054-A5AE-55D365AF4557}.Release|iPhone.Deploy.0 = Release|iPhone
		{A6AF86A4-93FB-4054-A5AE-55D365AF4557}.Release|iPhoneSimulator.ActiveCfg = Release|iPhoneSimulator
		{A6AF86A4-93FB-4054-A5AE-55D365AF4557}.Release|iPhoneSimulator.Build.0 = Release|iPhoneSimulator
		{A6AF86A4-93FB-4054-A5AE-55D365AF4557}.Release|iPhoneSimulator.Deploy.0 = Release|iPhoneSimulator
		{A6AF86A4-93FB-4054-A5AE-55D365AF4557}.Release|x64.ActiveCfg = Release|iPhoneSimulator
		{A6AF86A4-93FB-4054-A5AE-55D365AF4557}.Release|x64.Build.0 = Release|iPhoneSimulator
		{A6AF86A4-93FB-4054-A5AE-55D365AF4557}.Release|x64.Deploy.0 = Release|iPhoneSimulator
		{A6AF86A4-93FB-4054-A5AE-55D365AF4557}.Release|x86.ActiveCfg = Release|iPhoneSimulator
		{A6AF86A4-93FB-4054-A5AE-55D365AF4557}.Release|x86.Build.0 = Release|iPhoneSimulator
		{A6AF86A4-93FB-4054-A5AE-55D365AF4557}.Release|x86.Deploy.0 = Release|iPhoneSimulator
		{B89E9868-D5F4-4078-A1AE-F8C240AF730A}.Debug|Any CPU.ActiveCfg = Debug|Any CPU
		{B89E9868-D5F4-4078-A1AE-F8C240AF730A}.Debug|Any CPU.Build.0 = Debug|Any CPU
		{B89E9868-D5F4-4078-A1AE-F8C240AF730A}.Debug|Any CPU.Deploy.0 = Debug|Any CPU
		{B89E9868-D5F4-4078-A1AE-F8C240AF730A}.Debug|ARM.ActiveCfg = Debug|Any CPU
		{B89E9868-D5F4-4078-A1AE-F8C240AF730A}.Debug|ARM.Build.0 = Debug|Any CPU
		{B89E9868-D5F4-4078-A1AE-F8C240AF730A}.Debug|ARM.Deploy.0 = Debug|Any CPU
		{B89E9868-D5F4-4078-A1AE-F8C240AF730A}.Debug|iPhone.ActiveCfg = Debug|Any CPU
		{B89E9868-D5F4-4078-A1AE-F8C240AF730A}.Debug|iPhone.Build.0 = Debug|Any CPU
		{B89E9868-D5F4-4078-A1AE-F8C240AF730A}.Debug|iPhone.Deploy.0 = Debug|Any CPU
		{B89E9868-D5F4-4078-A1AE-F8C240AF730A}.Debug|iPhoneSimulator.ActiveCfg = Debug|Any CPU
		{B89E9868-D5F4-4078-A1AE-F8C240AF730A}.Debug|iPhoneSimulator.Build.0 = Debug|Any CPU
		{B89E9868-D5F4-4078-A1AE-F8C240AF730A}.Debug|iPhoneSimulator.Deploy.0 = Debug|Any CPU
		{B89E9868-D5F4-4078-A1AE-F8C240AF730A}.Debug|x64.ActiveCfg = Debug|Any CPU
		{B89E9868-D5F4-4078-A1AE-F8C240AF730A}.Debug|x64.Build.0 = Debug|Any CPU
		{B89E9868-D5F4-4078-A1AE-F8C240AF730A}.Debug|x64.Deploy.0 = Debug|Any CPU
		{B89E9868-D5F4-4078-A1AE-F8C240AF730A}.Debug|x86.ActiveCfg = Debug|Any CPU
		{B89E9868-D5F4-4078-A1AE-F8C240AF730A}.Debug|x86.Build.0 = Debug|Any CPU
		{B89E9868-D5F4-4078-A1AE-F8C240AF730A}.Debug|x86.Deploy.0 = Debug|Any CPU
		{B89E9868-D5F4-4078-A1AE-F8C240AF730A}.Release|Any CPU.ActiveCfg = Release|Any CPU
		{B89E9868-D5F4-4078-A1AE-F8C240AF730A}.Release|Any CPU.Build.0 = Release|Any CPU
		{B89E9868-D5F4-4078-A1AE-F8C240AF730A}.Release|Any CPU.Deploy.0 = Release|Any CPU
		{B89E9868-D5F4-4078-A1AE-F8C240AF730A}.Release|ARM.ActiveCfg = Release|Any CPU
		{B89E9868-D5F4-4078-A1AE-F8C240AF730A}.Release|ARM.Build.0 = Release|Any CPU
		{B89E9868-D5F4-4078-A1AE-F8C240AF730A}.Release|ARM.Deploy.0 = Release|Any CPU
		{B89E9868-D5F4-4078-A1AE-F8C240AF730A}.Release|iPhone.ActiveCfg = Release|Any CPU
		{B89E9868-D5F4-4078-A1AE-F8C240AF730A}.Release|iPhone.Build.0 = Release|Any CPU
		{B89E9868-D5F4-4078-A1AE-F8C240AF730A}.Release|iPhone.Deploy.0 = Release|Any CPU
		{B89E9868-D5F4-4078-A1AE-F8C240AF730A}.Release|iPhoneSimulator.ActiveCfg = Release|Any CPU
		{B89E9868-D5F4-4078-A1AE-F8C240AF730A}.Release|iPhoneSimulator.Build.0 = Release|Any CPU
		{B89E9868-D5F4-4078-A1AE-F8C240AF730A}.Release|iPhoneSimulator.Deploy.0 = Release|Any CPU
		{B89E9868-D5F4-4078-A1AE-F8C240AF730A}.Release|x64.ActiveCfg = Release|Any CPU
		{B89E9868-D5F4-4078-A1AE-F8C240AF730A}.Release|x64.Build.0 = Release|Any CPU
		{B89E9868-D5F4-4078-A1AE-F8C240AF730A}.Release|x64.Deploy.0 = Release|Any CPU
		{B89E9868-D5F4-4078-A1AE-F8C240AF730A}.Release|x86.ActiveCfg = Release|Any CPU
		{B89E9868-D5F4-4078-A1AE-F8C240AF730A}.Release|x86.Build.0 = Release|Any CPU
		{B89E9868-D5F4-4078-A1AE-F8C240AF730A}.Release|x86.Deploy.0 = Release|Any CPU
	EndGlobalSection
	GlobalSection(SolutionProperties) = preSolution
		HideSolutionNode = FALSE
	EndGlobalSection
	GlobalSection(ExtensibilityGlobals) = postSolution
		SolutionGuid = {7FF6EFE0-53A0-4D0D-B596-B19283521582}
	EndGlobalSection
EndGlobal
